
Microsoft Visual Studio Solution File, Format Version 12.00
# Visual Studio 15
VisualStudioVersion = 15.0.28010.2046
MinimumVisualStudioVersion = 10.0.40219.1
Project("{FAE04EC0-301F-11D3-BF4B-00C04F79EFBC}") = "sumacon", "sumacon.csproj", "{10259E71-6C0C-44C5-B96B-257F82DE2365}"
EndProject
Global
	GlobalSection(SolutionConfigurationPlatforms) = preSolution
		Debug|Any CPU = Debug|Any CPU
		Release|Any CPU = Release|Any CPU
	EndGlobalSection
	GlobalSection(ProjectConfigurationPlatforms) = postSolution
		{10259E71-6C0C-44C5-B96B-257F82DE2365}.Debug|Any CPU.ActiveCfg = Debug|Any CPU
		{10259E71-6C0C-44C5-B96B-257F82DE2365}.Debug|Any CPU.Build.0 = Debug|Any CPU
		{10259E71-6C0C-44C5-B96B-257F82DE2365}.Release|Any CPU.ActiveCfg = Release|Any CPU
		{10259E71-6C0C-44C5-B96B-257F82DE2365}.Release|Any CPU.Build.0 = Release|Any CPU
	EndGlobalSection
	GlobalSection(SolutionProperties) = preSolution
		HideSolutionNode = FALSE
	EndGlobalSection
	GlobalSection(ExtensibilityGlobals) = postSolution
		SolutionGuid = {53C64D8B-72FF-487D-A616-84338C314AF7}
	EndGlobalSection
EndGlobal
